
Microsoft Visual Studio Solution File, Format Version 12.00
# Visual Studio Version 16
VisualStudioVersion = 16.0.30225.117
MinimumVisualStudioVersion = 10.0.40219.1
Project("{FAE04EC0-301F-11D3-BF4B-00C04F79EFBC}") = "DeadLock.ApresentationWPF", "Wpf_DeadLock\DeadLock.ApresentationWPF.csproj", "{3FF8981C-4CA6-40F9-B008-AD534F039F1D}"
EndProject
Project("{FAE04EC0-301F-11D3-BF4B-00C04F79EFBC}") = "DeadLock.Logic", "DeadLock.Logic\DeadLock.Logic.csproj", "{A0BCA67B-2D4D-4A78-A777-09F71A576E38}"
EndProject
Global
	GlobalSection(SolutionConfigurationPlatforms) = preSolution
		Debug|Any CPU = Debug|Any CPU
		Debug|x86 = Debug|x86
		Release|Any CPU = Release|Any CPU
		Release|x86 = Release|x86
	EndGlobalSection
	GlobalSection(ProjectConfigurationPlatforms) = postSolution
		{3FF8981C-4CA6-40F9-B008-AD534F039F1D}.Debug|Any CPU.ActiveCfg = Debug|x86
		{3FF8981C-4CA6-40F9-B008-AD534F039F1D}.Debug|x86.ActiveCfg = Debug|x86
		{3FF8981C-4CA6-40F9-B008-AD534F039F1D}.Debug|x86.Build.0 = Debug|x86
		{3FF8981C-4CA6-40F9-B008-AD534F039F1D}.Release|Any CPU.ActiveCfg = Release|x86
		{3FF8981C-4CA6-40F9-B008-AD534F039F1D}.Release|x86.ActiveCfg = Release|x86
		{3FF8981C-4CA6-40F9-B008-AD534F039F1D}.Release|x86.Build.0 = Release|x86
		{A0BCA67B-2D4D-4A78-A777-09F71A576E38}.Debug|Any CPU.ActiveCfg = Debug|Any CPU
		{A0BCA67B-2D4D-4A78-A777-09F71A576E38}.Debug|Any CPU.Build.0 = Debug|Any CPU
		{A0BCA67B-2D4D-4A78-A777-09F71A576E38}.Debug|x86.ActiveCfg = Debug|Any CPU
		{A0BCA67B-2D4D-4A78-A777-09F71A576E38}.Debug|x86.Build.0 = Debug|Any CPU
		{A0BCA67B-2D4D-4A78-A777-09F71A576E38}.Release|Any CPU.ActiveCfg = Release|Any CPU
		{A0BCA67B-2D4D-4A78-A777-09F71A576E38}.Release|Any CPU.Build.0 = Release|Any CPU
		{A0BCA67B-2D4D-4A78-A777-09F71A576E38}.Release|x86.ActiveCfg = Release|Any CPU
		{A0BCA67B-2D4D-4A78-A777-09F71A576E38}.Release|x86.Build.0 = Release|Any CPU
	EndGlobalSection
	GlobalSection(SolutionProperties) = preSolution
		HideSolutionNode = FALSE
	EndGlobalSection
	GlobalSection(ExtensibilityGlobals) = postSolution
		SolutionGuid = {50D81116-EB32-493E-91D7-F7862592E51F}
	EndGlobalSection
EndGlobal
